
Microsoft Visual Studio Solution File, Format Version 12.00
# Visual Studio Version 17
VisualStudioVersion = 17.14.36202.13
MinimumVisualStudioVersion = 10.0.40219.1
Project("{FAE04EC0-301F-11D3-BF4B-00C04F79EFBC}") = "SILVA  C#", "SILVA C#\SILVA  C#.csproj", "{F8D5CDA4-2AAC-4E2D-AA34-8ACD593EBABE}"
EndProject
Global
	GlobalSection(SolutionConfigurationPlatforms) = preSolution
		Debug|Any CPU = Debug|Any CPU
		Release|Any CPU = Release|Any CPU
	EndGlobalSection
	GlobalSection(ProjectConfigurationPlatforms) = postSolution
		{F8D5CDA4-2AAC-4E2D-AA34-8ACD593EBABE}.Debug|Any CPU.ActiveCfg = Debug|Any CPU
		{F8D5CDA4-2AAC-4E2D-AA34-8ACD593EBABE}.Debug|Any CPU.Build.0 = Debug|Any CPU
		{F8D5CDA4-2AAC-4E2D-AA34-8ACD593EBABE}.Release|Any CPU.ActiveCfg = Release|Any CPU
		{F8D5CDA4-2AAC-4E2D-AA34-8ACD593EBABE}.Release|Any CPU.Build.0 = Release|Any CPU
	EndGlobalSection
	GlobalSection(SolutionProperties) = preSolution
		HideSolutionNode = FALSE
	EndGlobalSection
	GlobalSection(ExtensibilityGlobals) = postSolution
		SolutionGuid = {DE7CD41B-0E56-4DB3-BA51-C7F677A0D628}
	EndGlobalSection
EndGlobal
